
Microsoft Visual Studio Solution File, Format Version 12.00
# Visual Studio Version 16
VisualStudioVersion = 16.0.30907.101
MinimumVisualStudioVersion = 10.0.40219.1
Project("{FAE04EC0-301F-11D3-BF4B-00C04F79EFBC}") = "MMT.WebApi", "MMT.WebApi\MMT.WebApi.csproj", "{8C49EF10-971D-4914-A3B9-36FD974DC2B1}"
EndProject
Project("{FAE04EC0-301F-11D3-BF4B-00C04F79EFBC}") = "MMT.WebApi.Test", "MMT.WebApi.Test\MMT.WebApi.Test.csproj", "{51803B4D-7BAC-4789-8216-5D24075C01BA}"
EndProject
Project("{FAE04EC0-301F-11D3-BF4B-00C04F79EFBC}") = "MMT.DataEFCore", "MMT.DataEFCore\MMT.DataEFCore.csproj", "{0462D103-7FE1-402F-BF5E-C00D2DA6CE11}"
EndProject
Project("{FAE04EC0-301F-11D3-BF4B-00C04F79EFBC}") = "MMT.DataEFCore.Test", "MMT.DataEFCore.Test\MMT.DataEFCore.Test.csproj", "{37F9E2C2-1F0C-46BF-8DC2-79B13C27F528}"
EndProject
Project("{FAE04EC0-301F-11D3-BF4B-00C04F79EFBC}") = "MMT.Domain", "MMT.Domain\MMT.Domain.csproj", "{E249D8D3-4B72-45FB-B79A-F7D9A634919E}"
EndProject
Project("{FAE04EC0-301F-11D3-BF4B-00C04F79EFBC}") = "MMT.Utility", "MMT.Utility\MMT.Utility.csproj", "{EA2B0928-64BC-4272-8204-62DDF83001CD}"
EndProject
Global
	GlobalSection(SolutionConfigurationPlatforms) = preSolution
		Debug|Any CPU = Debug|Any CPU
		Release|Any CPU = Release|Any CPU
	EndGlobalSection
	GlobalSection(ProjectConfigurationPlatforms) = postSolution
		{8C49EF10-971D-4914-A3B9-36FD974DC2B1}.Debug|Any CPU.ActiveCfg = Debug|Any CPU
		{8C49EF10-971D-4914-A3B9-36FD974DC2B1}.Debug|Any CPU.Build.0 = Debug|Any CPU
		{8C49EF10-971D-4914-A3B9-36FD974DC2B1}.Release|Any CPU.ActiveCfg = Release|Any CPU
		{8C49EF10-971D-4914-A3B9-36FD974DC2B1}.Release|Any CPU.Build.0 = Release|Any CPU
		{51803B4D-7BAC-4789-8216-5D24075C01BA}.Debug|Any CPU.ActiveCfg = Debug|Any CPU
		{51803B4D-7BAC-4789-8216-5D24075C01BA}.Debug|Any CPU.Build.0 = Debug|Any CPU
		{51803B4D-7BAC-4789-8216-5D24075C01BA}.Release|Any CPU.ActiveCfg = Release|Any CPU
		{51803B4D-7BAC-4789-8216-5D24075C01BA}.Release|Any CPU.Build.0 = Release|Any CPU
		{0462D103-7FE1-402F-BF5E-C00D2DA6CE11}.Debug|Any CPU.ActiveCfg = Debug|Any CPU
		{0462D103-7FE1-402F-BF5E-C00D2DA6CE11}.Debug|Any CPU.Build.0 = Debug|Any CPU
		{0462D103-7FE1-402F-BF5E-C00D2DA6CE11}.Release|Any CPU.ActiveCfg = Release|Any CPU
		{0462D103-7FE1-402F-BF5E-C00D2DA6CE11}.Release|Any CPU.Build.0 = Release|Any CPU
		{37F9E2C2-1F0C-46BF-8DC2-79B13C27F528}.Debug|Any CPU.ActiveCfg = Debug|Any CPU
		{37F9E2C2-1F0C-46BF-8DC2-79B13C27F528}.Debug|Any CPU.Build.0 = Debug|Any CPU
		{37F9E2C2-1F0C-46BF-8DC2-79B13C27F528}.Release|Any CPU.ActiveCfg = Release|Any CPU
		{37F9E2C2-1F0C-46BF-8DC2-79B13C27F528}.Release|Any CPU.Build.0 = Release|Any CPU
		{E249D8D3-4B72-45FB-B79A-F7D9A634919E}.Debug|Any CPU.ActiveCfg = Debug|Any CPU
		{E249D8D3-4B72-45FB-B79A-F7D9A634919E}.Debug|Any CPU.Build.0 = Debug|Any CPU
		{E249D8D3-4B72-45FB-B79A-F7D9A634919E}.Release|Any CPU.ActiveCfg = Release|Any CPU
		{E249D8D3-4B72-45FB-B79A-F7D9A634919E}.Release|Any CPU.Build.0 = Release|Any CPU
		{EA2B0928-64BC-4272-8204-62DDF83001CD}.Debug|Any CPU.ActiveCfg = Debug|Any CPU
		{EA2B0928-64BC-4272-8204-62DDF83001CD}.Debug|Any CPU.Build.0 = Debug|Any CPU
		{EA2B0928-64BC-4272-8204-62DDF83001CD}.Release|Any CPU.ActiveCfg = Release|Any CPU
		{EA2B0928-64BC-4272-8204-62DDF83001CD}.Release|Any CPU.Build.0 = Release|Any CPU
	EndGlobalSection
	GlobalSection(SolutionProperties) = preSolution
		HideSolutionNode = FALSE
	EndGlobalSection
	GlobalSection(ExtensibilityGlobals) = postSolution
		SolutionGuid = {D12733CB-9381-4D8E-9E0F-C3192C3F725B}
	EndGlobalSection
EndGlobal
